// !$*UTF8*$!
{
	archiveVersion = 1;
	classes = {
	};
	objectVersion = 46;
	objects = {

/* Begin PBXBuildFile section */
		0261D5E1AAFDA28D2B28AD80 /* cppwrap.cc in Sources */ = {isa = PBXBuildFile; fileRef = B0F4A3590EB885F8CC1D4FFD /* cppwrap.cc */; };
		0843D57F6F2D202A2EE18504 /* wsclimain.cc in Sources */ = {isa = PBXBuildFile; fileRef = 059C397E792AE71F6AE74EB6 /* wsclimain.cc */; };
		1E5316352AB25496FE666713 /* libstr2argv.a in Frameworks */ = {isa = PBXBuildFile; fileRef = 64D3ABB1EAA582C80F73E788 /* libstr2argv.a */; };
		202597F2B63F6C8553A2A326 /* libprotobuf_lite.a in Frameworks */ = {isa = PBXBuildFile; fileRef = 37B01C63726C9D94FAB0FCBD /* libprotobuf_lite.a */; };
		27077BE209240B9D32D5C0EB /* codec.cc in Sources */ = {isa = PBXBuildFile; fileRef = 789A87A914172934C978826C /* codec.cc */; };
		2DD9CEB9D5DA5FEDF3D98449 /* libgflags.a in Frameworks */ = {isa = PBXBuildFile; fileRef = 3C4FADF676D12361A6ECDAE6 /* libgflags.a */; };
		485B1AE025360FB6A5195D71 /* libjansson.a in Frameworks */ = {isa = PBXBuildFile; fileRef = 33AB6E5EF75A36378984C911 /* libjansson.a */; };
		55056800C8BCAB97BE753DD3 /* packmsg.pb.cc in Sources */ = {isa = PBXBuildFile; fileRef = 128E8435F07FAE57796A7D3B /* packmsg.pb.cc */; };
		673BCB72D7D83FB0C8D09707 /* wscli.cc in Sources */ = {isa = PBXBuildFile; fileRef = 0D13A9D4DF0351F87FC9392B /* wscli.cc */; };
		94FAFF0B29A3F8E487E061F6 /* libjson2pb.a in Frameworks */ = {isa = PBXBuildFile; fileRef = 9D9C969A60B07FE41046A083 /* libjson2pb.a */; };
		AB5FEE94F320C86BCF2D29CF /* libprotobuf_full_do_not_use.a in Frameworks */ = {isa = PBXBuildFile; fileRef = 6DF046985727B9140BF78CF5 /* libprotobuf_full_do_not_use.a */; };
		BFF5E6E1024C28FB882CA28D /* main.cc in Sources */ = {isa = PBXBuildFile; fileRef = 593444B9B6FE15545B62E962 /* main.cc */; };
		FE083955D745CF449DC3EB5A /* codecinmsg.cc in Sources */ = {isa = PBXBuildFile; fileRef = 1C40C8F4DCED7C801C760B81 /* codecinmsg.cc */; };
/* End PBXBuildFile section */

/* Begin PBXContainerItemProxy section */
		07C8E350EBEAA878BC6ED789 /* PBXContainerItemProxy */ = {
			isa = PBXContainerItemProxy;
			containerPortal = 0E57E08C64E0AFC756F2EAE7 /* protobuf3.xcodeproj */;
			proxyType = 2;
			remoteGlobalIDString = B0E8772278BDE8783C70D563;
			remoteInfo = protobuf_lite;
		};
		18CC6801D4554D48E9835D44 /* PBXContainerItemProxy */ = {
			isa = PBXContainerItemProxy;
			containerPortal = 40E424C819082116EB49A5C5 /* str2argv.xcodeproj */;
			proxyType = 2;
			remoteGlobalIDString = 82EEC2ED1B3C0BBB44103C6E;
			remoteInfo = str2argv;
		};
		225F9E2A38331657E966FD11 /* PBXContainerItemProxy */ = {
			isa = PBXContainerItemProxy;
			containerPortal = 9679859854E6ECE3C1B83B03 /* gflags.xcodeproj */;
			proxyType = 1;
			remoteGlobalIDString = 264FA01CF14ACBE3507A85E6;
			remoteInfo = gflags;
		};
		2A1D26B358A88457DFDF5A4F /* PBXContainerItemProxy */ = {
			isa = PBXContainerItemProxy;
			containerPortal = 9679859854E6ECE3C1B83B03 /* gflags.xcodeproj */;
			proxyType = 2;
			remoteGlobalIDString = A08C88547E3ECBFE66C09900;
			remoteInfo = gflags;
		};
		4F40D9DD84FCC09F1E462F5B /* PBXContainerItemProxy */ = {
			isa = PBXContainerItemProxy;
			containerPortal = 0E57E08C64E0AFC756F2EAE7 /* protobuf3.xcodeproj */;
			proxyType = 2;
			remoteGlobalIDString = 477CBB7D89010EFABE6F7308;
			remoteInfo = protobuf_full_do_not_use;
		};
		50FB11292398302E7FAEBA7C /* PBXContainerItemProxy */ = {
			isa = PBXContainerItemProxy;
			containerPortal = 5B44243DDBEFE047C4065187 /* json2pb.xcodeproj */;
			proxyType = 1;
			remoteGlobalIDString = E9C6E68C9ED884773F6AA4FD;
			remoteInfo = json2pb;
		};
		71067A1D739A98B874CEB8D2 /* PBXContainerItemProxy */ = {
			isa = PBXContainerItemProxy;
			containerPortal = 5B44243DDBEFE047C4065187 /* json2pb.xcodeproj */;
			proxyType = 2;
			remoteGlobalIDString = 7585BF8BFBF1A4CDF838DE58;
			remoteInfo = json2pb;
		};
		84794F02EC4B5F98BD307139 /* PBXContainerItemProxy */ = {
			isa = PBXContainerItemProxy;
			containerPortal = 0E57E08C64E0AFC756F2EAE7 /* protobuf3.xcodeproj */;
			proxyType = 1;
			remoteGlobalIDString = F5DE0F247014693FA9FBB528;
			remoteInfo = protobuf_lite;
		};
		A444B24A6B3F1F6E680E1C2E /* PBXContainerItemProxy */ = {
			isa = PBXContainerItemProxy;
			containerPortal = 3794AA2D4BD50C7AED064A4A /* jansson.xcodeproj */;
			proxyType = 2;
			remoteGlobalIDString = 59F286A69EC2A309743023EC;
			remoteInfo = jansson;
		};
		F170CBFC879BC54192604CB3 /* PBXContainerItemProxy */ = {
			isa = PBXContainerItemProxy;
			containerPortal = 3794AA2D4BD50C7AED064A4A /* jansson.xcodeproj */;
			proxyType = 1;
			remoteGlobalIDString = A42BD6BC281DD5AD92086C4D;
			remoteInfo = jansson;
		};
		F6D3E245F917C89079098564 /* PBXContainerItemProxy */ = {
			isa = PBXContainerItemProxy;
			containerPortal = 0E57E08C64E0AFC756F2EAE7 /* protobuf3.xcodeproj */;
			proxyType = 1;
			remoteGlobalIDString = 912F15963A9F0E5780E1C330;
			remoteInfo = protobuf_full_do_not_use;
		};
		FB114AEE9AF5A21690C2DD67 /* PBXContainerItemProxy */ = {
			isa = PBXContainerItemProxy;
			containerPortal = 40E424C819082116EB49A5C5 /* str2argv.xcodeproj */;
			proxyType = 1;
			remoteGlobalIDString = 5C5CA3637D126D7B0A047FC4;
			remoteInfo = str2argv;
		};
/* End PBXContainerItemProxy section */

/* Begin PBXFileReference section */
		059C397E792AE71F6AE74EB6 /* wsclimain.cc */ = {isa = PBXFileReference; lastKnownFileType = sourcecode.cpp.cpp; path = wsclimain.cc; sourceTree = "<group>"; };
		0AD497CB834D3B135A362EB1 /* osconfig.gypi */ = {isa = PBXFileReference; explicitFileType = sourcecode; name = osconfig.gypi; path = ../../deps/osconfig.gypi; sourceTree = "<group>"; };
		0D13A9D4DF0351F87FC9392B /* wscli.cc */ = {isa = PBXFileReference; lastKnownFileType = sourcecode.cpp.cpp; path = wscli.cc; sourceTree = "<group>"; };
		0E57E08C64E0AFC756F2EAE7 /* protobuf3.xcodeproj */ = {isa = PBXFileReference; lastKnownFileType = "wrapper.pb-project"; name = protobuf3.xcodeproj; path = ../../deps/protobuf3.xcodeproj; sourceTree = SOURCE_ROOT; };
		128E8435F07FAE57796A7D3B /* packmsg.pb.cc */ = {isa = PBXFileReference; lastKnownFileType = sourcecode.cpp.cpp; path = packmsg.pb.cc; sourceTree = "<group>"; };
		1C40C8F4DCED7C801C760B81 /* codecinmsg.cc */ = {isa = PBXFileReference; lastKnownFileType = sourcecode.cpp.cpp; path = codecinmsg.cc; sourceTree = "<group>"; };
		3794AA2D4BD50C7AED064A4A /* jansson.xcodeproj */ = {isa = PBXFileReference; lastKnownFileType = "wrapper.pb-project"; name = jansson.xcodeproj; path = ../../deps/jansson.xcodeproj; sourceTree = SOURCE_ROOT; };
		40E424C819082116EB49A5C5 /* str2argv.xcodeproj */ = {isa = PBXFileReference; lastKnownFileType = "wrapper.pb-project"; name = str2argv.xcodeproj; path = ../../deps/str2argv.xcodeproj; sourceTree = SOURCE_ROOT; };
		5391961AAB3B4B6C5C833F4B /* cppwrap.h */ = {isa = PBXFileReference; lastKnownFileType = sourcecode.c.h; path = cppwrap.h; sourceTree = "<group>"; };
		593444B9B6FE15545B62E962 /* main.cc */ = {isa = PBXFileReference; lastKnownFileType = sourcecode.cpp.cpp; path = main.cc; sourceTree = "<group>"; };
		5B44243DDBEFE047C4065187 /* json2pb.xcodeproj */ = {isa = PBXFileReference; lastKnownFileType = "wrapper.pb-project"; name = json2pb.xcodeproj; path = ../../deps/json2pb.xcodeproj; sourceTree = SOURCE_ROOT; };
		63048C07928885A6EB7E0C0F /* nodeexception.h */ = {isa = PBXFileReference; lastKnownFileType = sourcecode.c.h; path = nodeexception.h; sourceTree = "<group>"; };
		6E5E2F25D3535B780B986BA1 /* configd.gypi */ = {isa = PBXFileReference; explicitFileType = sourcecode; name = configd.gypi; path = ../comm/configd.gypi; sourceTree = "<group>"; };
		722A5D46EEA445059186E4FB /* wscli */ = {isa = PBXFileReference; explicitFileType = "compiled.mach-o.executable"; includeInIndex = 0; name = wscli; path = wscli.a; sourceTree = BUILT_PRODUCTS_DIR; };
		789A87A914172934C978826C /* codec.cc */ = {isa = PBXFileReference; lastKnownFileType = sourcecode.cpp.cpp; path = codec.cc; sourceTree = "<group>"; };
		9679859854E6ECE3C1B83B03 /* gflags.xcodeproj */ = {isa = PBXFileReference; lastKnownFileType = "wrapper.pb-project"; name = gflags.xcodeproj; path = ../../deps/gflags.xcodeproj; sourceTree = SOURCE_ROOT; };
		ACA777C28BB9D540A42D7AB9 /* packmsg.pb.h */ = {isa = PBXFileReference; lastKnownFileType = sourcecode.c.h; path = packmsg.pb.h; sourceTree = "<group>"; };
		B0F4A3590EB885F8CC1D4FFD /* cppwrap.cc */ = {isa = PBXFileReference; lastKnownFileType = sourcecode.cpp.cpp; path = cppwrap.cc; sourceTree = "<group>"; };
		C34E14508110A22C657184AB /* codecinmsg.h */ = {isa = PBXFileReference; lastKnownFileType = sourcecode.c.h; path = codecinmsg.h; sourceTree = "<group>"; };
		C5226C0E7ED48752A8E65E0A /* wsclimain.h */ = {isa = PBXFileReference; lastKnownFileType = sourcecode.c.h; path = wsclimain.h; sourceTree = "<group>"; };
		D2A6520A078D01C3B0FD682C /* wscli.h */ = {isa = PBXFileReference; lastKnownFileType = sourcecode.c.h; path = wscli.h; sourceTree = "<group>"; };
		DAC5F6F4C540630888D1FF61 /* codec.h */ = {isa = PBXFileReference; lastKnownFileType = sourcecode.c.h; path = codec.h; sourceTree = "<group>"; };
		FC5B0198BF645392F9D24259 /* leveldbwscli.gyp */ = {isa = PBXFileReference; explicitFileType = sourcecode; path = leveldbwscli.gyp; sourceTree = "<group>"; };
		FE5AF8C51ED5ED215DE1F0F3 /* config.gypi */ = {isa = PBXFileReference; explicitFileType = sourcecode; name = config.gypi; path = ../../deps/config.gypi; sourceTree = "<group>"; };
/* End PBXFileReference section */

/* Begin PBXFrameworksBuildPhase section */
		37E2306F78A2AFAC45620E83 /* Frameworks */ = {
			isa = PBXFrameworksBuildPhase;
			buildActionMask = 2147483647;
			files = (
				AB5FEE94F320C86BCF2D29CF /* libprotobuf_full_do_not_use.a in Frameworks */,
				94FAFF0B29A3F8E487E061F6 /* libjson2pb.a in Frameworks */,
				485B1AE025360FB6A5195D71 /* libjansson.a in Frameworks */,
				1E5316352AB25496FE666713 /* libstr2argv.a in Frameworks */,
				2DD9CEB9D5DA5FEDF3D98449 /* libgflags.a in Frameworks */,
				202597F2B63F6C8553A2A326 /* libprotobuf_lite.a in Frameworks */,
			);
			runOnlyForDeploymentPostprocessing = 0;
		};
/* End PBXFrameworksBuildPhase section */

/* Begin PBXGroup section */
		0F07C279CD75A6D93002D257 /* Products */ = {
			isa = PBXGroup;
			children = (
				33AB6E5EF75A36378984C911 /* libjansson.a */,
			);
			name = Products;
			sourceTree = "<group>";
		};
		10AC8C1F13C5E6A81C3EC61A /* Products */ = {
			isa = PBXGroup;
			children = (
				3C4FADF676D12361A6ECDAE6 /* libgflags.a */,
			);
			name = Products;
			sourceTree = "<group>";
		};
		36CA462356701ECEEC1AD860 /* Products */ = {
			isa = PBXGroup;
			children = (
				64D3ABB1EAA582C80F73E788 /* libstr2argv.a */,
			);
			name = Products;
			sourceTree = "<group>";
		};
		3E826503045FAA8FCF1963D6 /* Source */ = {
			isa = PBXGroup;
			children = (
				D7F874BA8D998E96B9597664 /* leveldbwscli */,
				EFA46DBC697D5908693AB3D0 /* proto */,
				55646E0E3C820862DA0AA017 /* util */,
			);
			name = Source;
			path = ../../src;
			sourceTree = "<group>";
		};
		4AA1EB47F94F9D6282562865 /* Build */ = {
			isa = PBXGroup;
			children = (
				FE5AF8C51ED5ED215DE1F0F3 /* config.gypi */,
				6E5E2F25D3535B780B986BA1 /* configd.gypi */,
				FC5B0198BF645392F9D24259 /* leveldbwscli.gyp */,
				0AD497CB834D3B135A362EB1 /* osconfig.gypi */,
			);
			name = Build;
			sourceTree = "<group>";
		};
		55646E0E3C820862DA0AA017 /* util */ = {
			isa = PBXGroup;
			children = (
				789A87A914172934C978826C /* codec.cc */,
				DAC5F6F4C540630888D1FF61 /* codec.h */,
				1C40C8F4DCED7C801C760B81 /* codecinmsg.cc */,
				C34E14508110A22C657184AB /* codecinmsg.h */,
				63048C07928885A6EB7E0C0F /* nodeexception.h */,
			);
			path = util;
			sourceTree = "<group>";
		};
		5CB6BC57C6A27007EB12FDC0 = {
			isa = PBXGroup;
			children = (
				3E826503045FAA8FCF1963D6 /* Source */,
				C06119D057AB27E07CCADA92 /* Projects */,
				D2C16A2A3FC4FE71DBED93D8 /* Products */,
				4AA1EB47F94F9D6282562865 /* Build */,
			);
			sourceTree = "<group>";
		};
		7D8DD880C7C3FE69C0302F94 /* Products */ = {
			isa = PBXGroup;
			children = (
				37B01C63726C9D94FAB0FCBD /* libprotobuf_lite.a */,
				6DF046985727B9140BF78CF5 /* libprotobuf_full_do_not_use.a */,
			);
			name = Products;
			sourceTree = "<group>";
		};
		B45A2A524D95765AA26DD868 /* Products */ = {
			isa = PBXGroup;
			children = (
				9D9C969A60B07FE41046A083 /* libjson2pb.a */,
			);
			name = Products;
			sourceTree = "<group>";
		};
		C06119D057AB27E07CCADA92 /* Projects */ = {
			isa = PBXGroup;
			children = (
				9679859854E6ECE3C1B83B03 /* gflags.xcodeproj */,
				3794AA2D4BD50C7AED064A4A /* jansson.xcodeproj */,
				5B44243DDBEFE047C4065187 /* json2pb.xcodeproj */,
				0E57E08C64E0AFC756F2EAE7 /* protobuf3.xcodeproj */,
				40E424C819082116EB49A5C5 /* str2argv.xcodeproj */,
			);
			name = Projects;
			sourceTree = "<group>";
		};
		D2C16A2A3FC4FE71DBED93D8 /* Products */ = {
			isa = PBXGroup;
			children = (
				722A5D46EEA445059186E4FB /* wscli */,
			);
			name = Products;
			sourceTree = "<group>";
		};
		D7F874BA8D998E96B9597664 /* leveldbwscli */ = {
			isa = PBXGroup;
			children = (
				B0F4A3590EB885F8CC1D4FFD /* cppwrap.cc */,
				5391961AAB3B4B6C5C833F4B /* cppwrap.h */,
				593444B9B6FE15545B62E962 /* main.cc */,
				0D13A9D4DF0351F87FC9392B /* wscli.cc */,
				D2A6520A078D01C3B0FD682C /* wscli.h */,
				059C397E792AE71F6AE74EB6 /* wsclimain.cc */,
				C5226C0E7ED48752A8E65E0A /* wsclimain.h */,
			);
			path = leveldbwscli;
			sourceTree = "<group>";
		};
		EFA46DBC697D5908693AB3D0 /* proto */ = {
			isa = PBXGroup;
			children = (
				128E8435F07FAE57796A7D3B /* packmsg.pb.cc */,
				ACA777C28BB9D540A42D7AB9 /* packmsg.pb.h */,
			);
			path = proto;
			sourceTree = "<group>";
		};
/* End PBXGroup section */

/* Begin PBXNativeTarget section */
		7E44805B5ECC10054AF5F349 /* wscli */ = {
			isa = PBXNativeTarget;
			buildConfigurationList = EDF71B26B2315CE35C5876FC /* Build configuration list for PBXNativeTarget "wscli" */;
			buildPhases = (
				B59FFD2060173BE822657F1B /* Sources */,
				37E2306F78A2AFAC45620E83 /* Frameworks */,
			);
			buildRules = (
			);
			dependencies = (
				4B619D4658AF3791FDACA7E9 /* PBXTargetDependency */,
				D1BD51B4F0D8C98C88FEE1D3 /* PBXTargetDependency */,
				117446D9A0EB052A9B3F3E42 /* PBXTargetDependency */,
				92B139D8664696344B48820C /* PBXTargetDependency */,
				A2189DCBE79F8E0338FFBF1F /* PBXTargetDependency */,
				1F58D8BBE29DE29176FE3F7E /* PBXTargetDependency */,
			);
			name = wscli;
			productName = wscli;
			productReference = 722A5D46EEA445059186E4FB /* wscli */;
			productType = "com.apple.product-type.library.static";
		};
/* End PBXNativeTarget section */

/* Begin PBXProject section */
		ED907C00A2614AC93E99C7EE /* Project object */ = {
			isa = PBXProject;
			attributes = {
				BuildIndependentTargetsInParallel = YES;
			};
			buildConfigurationList = 96CB18738EEBAC138DB225BE /* Build configuration list for PBXProject "leveldbwscli" */;
			compatibilityVersion = "Xcode 3.2";
			developmentRegion = English;
			hasScannedForEncodings = 1;
			knownRegions = (
				en,
			);
			mainGroup = 5CB6BC57C6A27007EB12FDC0;
			projectDirPath = "";
			projectReferences = (
				{
					ProductGroup = 10AC8C1F13C5E6A81C3EC61A /* Products */;
					ProjectRef = 9679859854E6ECE3C1B83B03 /* gflags.xcodeproj */;
				},
				{
					ProductGroup = 0F07C279CD75A6D93002D257 /* Products */;
					ProjectRef = 3794AA2D4BD50C7AED064A4A /* jansson.xcodeproj */;
				},
				{
					ProductGroup = B45A2A524D95765AA26DD868 /* Products */;
					ProjectRef = 5B44243DDBEFE047C4065187 /* json2pb.xcodeproj */;
				},
				{
					ProductGroup = 7D8DD880C7C3FE69C0302F94 /* Products */;
					ProjectRef = 0E57E08C64E0AFC756F2EAE7 /* protobuf3.xcodeproj */;
				},
				{
					ProductGroup = 36CA462356701ECEEC1AD860 /* Products */;
					ProjectRef = 40E424C819082116EB49A5C5 /* str2argv.xcodeproj */;
				},
			);
			projectRoot = "";
			targets = (
				7E44805B5ECC10054AF5F349 /* wscli */,
			);
		};
/* End PBXProject section */

/* Begin PBXReferenceProxy section */
		33AB6E5EF75A36378984C911 /* libjansson.a */ = {
			isa = PBXReferenceProxy;
			fileType = archive.ar;
			path = libjansson.a;
			remoteRef = A444B24A6B3F1F6E680E1C2E /* PBXContainerItemProxy */;
			sourceTree = BUILT_PRODUCTS_DIR;
		};
		37B01C63726C9D94FAB0FCBD /* libprotobuf_lite.a */ = {
			isa = PBXReferenceProxy;
			fileType = archive.ar;
			path = libprotobuf_lite.a;
			remoteRef = 07C8E350EBEAA878BC6ED789 /* PBXContainerItemProxy */;
			sourceTree = BUILT_PRODUCTS_DIR;
		};
		3C4FADF676D12361A6ECDAE6 /* libgflags.a */ = {
			isa = PBXReferenceProxy;
			fileType = archive.ar;
			path = libgflags.a;
			remoteRef = 2A1D26B358A88457DFDF5A4F /* PBXContainerItemProxy */;
			sourceTree = BUILT_PRODUCTS_DIR;
		};
		64D3ABB1EAA582C80F73E788 /* libstr2argv.a */ = {
			isa = PBXReferenceProxy;
			fileType = archive.ar;
			path = libstr2argv.a;
			remoteRef = 18CC6801D4554D48E9835D44 /* PBXContainerItemProxy */;
			sourceTree = BUILT_PRODUCTS_DIR;
		};
		6DF046985727B9140BF78CF5 /* libprotobuf_full_do_not_use.a */ = {
			isa = PBXReferenceProxy;
			fileType = archive.ar;
			path = libprotobuf_full_do_not_use.a;
			remoteRef = 4F40D9DD84FCC09F1E462F5B /* PBXContainerItemProxy */;
			sourceTree = BUILT_PRODUCTS_DIR;
		};
		9D9C969A60B07FE41046A083 /* libjson2pb.a */ = {
			isa = PBXReferenceProxy;
			fileType = archive.ar;
			path = libjson2pb.a;
			remoteRef = 71067A1D739A98B874CEB8D2 /* PBXContainerItemProxy */;
			sourceTree = BUILT_PRODUCTS_DIR;
		};
/* End PBXReferenceProxy section */

/* Begin PBXSourcesBuildPhase section */
		B59FFD2060173BE822657F1B /* Sources */ = {
			isa = PBXSourcesBuildPhase;
			buildActionMask = 2147483647;
			files = (
				673BCB72D7D83FB0C8D09707 /* wscli.cc in Sources */,
				0261D5E1AAFDA28D2B28AD80 /* cppwrap.cc in Sources */,
				0843D57F6F2D202A2EE18504 /* wsclimain.cc in Sources */,
				BFF5E6E1024C28FB882CA28D /* main.cc in Sources */,
				27077BE209240B9D32D5C0EB /* codec.cc in Sources */,
				FE083955D745CF449DC3EB5A /* codecinmsg.cc in Sources */,
				55056800C8BCAB97BE753DD3 /* packmsg.pb.cc in Sources */,
			);
			runOnlyForDeploymentPostprocessing = 0;
		};
/* End PBXSourcesBuildPhase section */

/* Begin PBXTargetDependency section */
		117446D9A0EB052A9B3F3E42 /* PBXTargetDependency */ = {
			isa = PBXTargetDependency;
			name = jansson;
			targetProxy = F170CBFC879BC54192604CB3 /* PBXContainerItemProxy */;
		};
		1F58D8BBE29DE29176FE3F7E /* PBXTargetDependency */ = {
			isa = PBXTargetDependency;
			name = protobuf_lite;
			targetProxy = 84794F02EC4B5F98BD307139 /* PBXContainerItemProxy */;
		};
		4B619D4658AF3791FDACA7E9 /* PBXTargetDependency */ = {
			isa = PBXTargetDependency;
			name = protobuf_full_do_not_use;
			targetProxy = F6D3E245F917C89079098564 /* PBXContainerItemProxy */;
		};
		92B139D8664696344B48820C /* PBXTargetDependency */ = {
			isa = PBXTargetDependency;
			name = str2argv;
			targetProxy = FB114AEE9AF5A21690C2DD67 /* PBXContainerItemProxy */;
		};
		A2189DCBE79F8E0338FFBF1F /* PBXTargetDependency */ = {
			isa = PBXTargetDependency;
			name = gflags;
			targetProxy = 225F9E2A38331657E966FD11 /* PBXContainerItemProxy */;
		};
		D1BD51B4F0D8C98C88FEE1D3 /* PBXTargetDependency */ = {
			isa = PBXTargetDependency;
			name = json2pb;
			targetProxy = 50FB11292398302E7FAEBA7C /* PBXContainerItemProxy */;
		};
/* End PBXTargetDependency section */

/* Begin XCBuildConfiguration section */
		507B92E760FD9BA5F8F68396 /* Release */ = {
			isa = XCBuildConfiguration;
			buildSettings = {
				EXECUTABLE_PREFIX = "";
				GCC_GENERATE_DEBUGGING_SYMBOLS = NO;
				GCC_OPTIMIZATION_LEVEL = 3;
				GCC_PREPROCESSOR_DEFINITIONS = (
					GOOGLE_PROTOBUF_NO_RTTI,
					GOOGLE_PROTOBUF_NO_STATIC_INITIALIZER,
				);
				GCC_STRICT_ALIASING = YES;
				HEADER_SEARCH_PATHS = (
					../../deps/boost_1_57_0,
					"../../deps/websocketpp-master",
					../../deps/protobuf3/src,
					"../../deps/json2pb-master",
					../../deps/cstr2argv,
					../../src/proto,
					../../src/proto/model,
					../../src/util,
					../../src/db,
					"../../deps/jansson-2.6/src",
					../../deps/gflags/src,
					../../deps/protobuf3/xcode,
					../../deps/src,
				);
				PRODUCT_NAME = wscli;
				SDKROOT = iphoneos;
				SUPPORTED_PLATFORMS = "iphonesimulator iphoneos";
			};
			name = Release;
		};
		81ECA36E81E790CF7C2AA713 /* Debug */ = {
			isa = XCBuildConfiguration;
			buildSettings = {
				INTERMEDIATE_DIR = "$(PROJECT_DERIVED_FILE_DIR)/$(CONFIGURATION)";
				SHARED_INTERMEDIATE_DIR = "$(SYMROOT)/DerivedSources/$(CONFIGURATION)";
			};
			name = Debug;
		};
		982FCD14BA506BB2E41DF61A /* Debug */ = {
			isa = XCBuildConfiguration;
			buildSettings = {
				EXECUTABLE_PREFIX = "";
				GCC_GENERATE_DEBUGGING_SYMBOLS = YES;
				GCC_PREPROCESSOR_DEFINITIONS = (
					GOOGLE_PROTOBUF_NO_RTTI,
					GOOGLE_PROTOBUF_NO_STATIC_INITIALIZER,
					_DEBUG,
				);
				HEADER_SEARCH_PATHS = (
					../../deps/boost_1_57_0,
					"../../deps/websocketpp-master",
					../../deps/protobuf3/src,
					"../../deps/json2pb-master",
					../../deps/cstr2argv,
					../../src/proto,
					../../src/proto/model,
					../../src/util,
					../../src/db,
					"../../deps/jansson-2.6/src",
					../../deps/gflags/src,
					../../deps/protobuf3/xcode,
					../../deps/src,
				);
				PRODUCT_NAME = wscli;
				SDKROOT = iphoneos;
				SUPPORTED_PLATFORMS = "iphonesimulator iphoneos";
			};
			name = Debug;
		};
		A46BA78E65D5B17A3900718F /* Release */ = {
			isa = XCBuildConfiguration;
			buildSettings = {
				INTERMEDIATE_DIR = "$(PROJECT_DERIVED_FILE_DIR)/$(CONFIGURATION)";
				SHARED_INTERMEDIATE_DIR = "$(SYMROOT)/DerivedSources/$(CONFIGURATION)";
			};
			name = Release;
		};
/* End XCBuildConfiguration section */

/* Begin XCConfigurationList section */
		96CB18738EEBAC138DB225BE /* Build configuration list for PBXProject "leveldbwscli" */ = {
			isa = XCConfigurationList;
			buildConfigurations = (
				81ECA36E81E790CF7C2AA713 /* Debug */,
				A46BA78E65D5B17A3900718F /* Release */,
			);
			defaultConfigurationIsVisible = 1;
			defaultConfigurationName = Debug;
		};
		EDF71B26B2315CE35C5876FC /* Build configuration list for PBXNativeTarget "wscli" */ = {
			isa = XCConfigurationList;
			buildConfigurations = (
				982FCD14BA506BB2E41DF61A /* Debug */,
				507B92E760FD9BA5F8F68396 /* Release */,
			);
			defaultConfigurationIsVisible = 1;
			defaultConfigurationName = Debug;
		};
/* End XCConfigurationList section */
	};
	rootObject = ED907C00A2614AC93E99C7EE /* Project object */;
}
